
Microsoft Visual Studio Solution File, Format Version 12.00
# Visual Studio Version 16
VisualStudioVersion = 16.0.31205.134
MinimumVisualStudioVersion = 10.0.40219.1
Project("{9A19103F-16F7-4668-BE54-9A1E7A4F7556}") = "WindowsPositionRestorerForm", "WindowsPositionRestorerForm\WindowsPositionRestorerForm.csproj", "{130F88C7-187E-432A-99F7-0B90EA5BAAFB}"
EndProject
Global
	GlobalSection(SolutionConfigurationPlatforms) = preSolution
		Debug|Any CPU = Debug|Any CPU
		Release|Any CPU = Release|Any CPU
	EndGlobalSection
	GlobalSection(ProjectConfigurationPlatforms) = postSolution
		{130F88C7-187E-432A-99F7-0B90EA5BAAFB}.Debug|Any CPU.ActiveCfg = Debug|Any CPU
		{130F88C7-187E-432A-99F7-0B90EA5BAAFB}.Debug|Any CPU.Build.0 = Debug|Any CPU
		{130F88C7-187E-432A-99F7-0B90EA5BAAFB}.Release|Any CPU.ActiveCfg = Release|Any CPU
		{130F88C7-187E-432A-99F7-0B90EA5BAAFB}.Release|Any CPU.Build.0 = Release|Any CPU
	EndGlobalSection
	GlobalSection(SolutionProperties) = preSolution
		HideSolutionNode = FALSE
	EndGlobalSection
	GlobalSection(ExtensibilityGlobals) = postSolution
		SolutionGuid = {A0B18B74-1848-4D93-81F1-2894E67BBA1E}
	EndGlobalSection
EndGlobal
